
Microsoft Visual Studio Solution File, Format Version 12.00
# Visual Studio Version 17
VisualStudioVersion = 17.0.31903.59
MinimumVisualStudioVersion = 10.0.40219.1
Project("{FAE04EC0-301F-11D3-BF4B-00C04F79EFBC}") = "FichaCadastroAPI", "FichaCadastroAPI\FichaCadastroAPI.csproj", "{A6C23B2D-8099-4303-9C61-8AC23E987AB9}"
EndProject
Project("{FAE04EC0-301F-11D3-BF4B-00C04F79EFBC}") = "FichaCadastroWorkService", "FichaCadastroWorkService\FichaCadastroWorkService.csproj", "{77D003C8-D40A-4987-9465-56216C8CA927}"
EndProject
Project("{FAE04EC0-301F-11D3-BF4B-00C04F79EFBC}") = "FichaCadastroRabbitMQ", "FichaCadastroRabbitMQ\FichaCadastroRabbitMQ.csproj", "{81214610-A17E-4E14-8288-B1A41E4E7335}"
EndProject
Global
	GlobalSection(SolutionConfigurationPlatforms) = preSolution
		Debug|Any CPU = Debug|Any CPU
		Release|Any CPU = Release|Any CPU
	EndGlobalSection
	GlobalSection(SolutionProperties) = preSolution
		HideSolutionNode = FALSE
	EndGlobalSection
	GlobalSection(ProjectConfigurationPlatforms) = postSolution
		{A6C23B2D-8099-4303-9C61-8AC23E987AB9}.Debug|Any CPU.ActiveCfg = Debug|Any CPU
		{A6C23B2D-8099-4303-9C61-8AC23E987AB9}.Debug|Any CPU.Build.0 = Debug|Any CPU
		{A6C23B2D-8099-4303-9C61-8AC23E987AB9}.Release|Any CPU.ActiveCfg = Release|Any CPU
		{A6C23B2D-8099-4303-9C61-8AC23E987AB9}.Release|Any CPU.Build.0 = Release|Any CPU
		{77D003C8-D40A-4987-9465-56216C8CA927}.Debug|Any CPU.ActiveCfg = Debug|Any CPU
		{77D003C8-D40A-4987-9465-56216C8CA927}.Debug|Any CPU.Build.0 = Debug|Any CPU
		{77D003C8-D40A-4987-9465-56216C8CA927}.Release|Any CPU.ActiveCfg = Release|Any CPU
		{77D003C8-D40A-4987-9465-56216C8CA927}.Release|Any CPU.Build.0 = Release|Any CPU
		{81214610-A17E-4E14-8288-B1A41E4E7335}.Debug|Any CPU.ActiveCfg = Debug|Any CPU
		{81214610-A17E-4E14-8288-B1A41E4E7335}.Debug|Any CPU.Build.0 = Debug|Any CPU
		{81214610-A17E-4E14-8288-B1A41E4E7335}.Release|Any CPU.ActiveCfg = Release|Any CPU
		{81214610-A17E-4E14-8288-B1A41E4E7335}.Release|Any CPU.Build.0 = Release|Any CPU
	EndGlobalSection
EndGlobal
